
Microsoft Visual Studio Solution File, Format Version 12.00
# Visual Studio 15
VisualStudioVersion = 15.0.28307.136
MinimumVisualStudioVersion = 10.0.40219.1
Project("{FAE04EC0-301F-11D3-BF4B-00C04F79EFBC}") = "CoderByte_FirstFactorial", "CoderByte_FirstFactorial\CoderByte_FirstFactorial.csproj", "{D7206EE5-905D-4DA9-A9EC-A22351E4FA9D}"
EndProject
Global
	GlobalSection(SolutionConfigurationPlatforms) = preSolution
		Debug|Any CPU = Debug|Any CPU
		Release|Any CPU = Release|Any CPU
	EndGlobalSection
	GlobalSection(ProjectConfigurationPlatforms) = postSolution
		{D7206EE5-905D-4DA9-A9EC-A22351E4FA9D}.Debug|Any CPU.ActiveCfg = Debug|Any CPU
		{D7206EE5-905D-4DA9-A9EC-A22351E4FA9D}.Debug|Any CPU.Build.0 = Debug|Any CPU
		{D7206EE5-905D-4DA9-A9EC-A22351E4FA9D}.Release|Any CPU.ActiveCfg = Release|Any CPU
		{D7206EE5-905D-4DA9-A9EC-A22351E4FA9D}.Release|Any CPU.Build.0 = Release|Any CPU
	EndGlobalSection
	GlobalSection(SolutionProperties) = preSolution
		HideSolutionNode = FALSE
	EndGlobalSection
	GlobalSection(ExtensibilityGlobals) = postSolution
		SolutionGuid = {5F642C60-530E-435E-B4E0-BC98B989D823}
	EndGlobalSection
EndGlobal
